
Microsoft Visual Studio Solution File, Format Version 12.00
# Visual Studio Version 17
VisualStudioVersion = 17.0.32112.339
MinimumVisualStudioVersion = 10.0.40219.1
Project("{FAE04EC0-301F-11D3-BF4B-00C04F79EFBC}") = "ControleDeFrota", "ControleDeFrota.csproj", "{C94E1E2E-99D7-44A7-A124-F3330C04DDAC}"
EndProject
Global
	GlobalSection(SolutionConfigurationPlatforms) = preSolution
		Debug|Any CPU = Debug|Any CPU
		Release|Any CPU = Release|Any CPU
	EndGlobalSection
	GlobalSection(ProjectConfigurationPlatforms) = postSolution
		{C94E1E2E-99D7-44A7-A124-F3330C04DDAC}.Debug|Any CPU.ActiveCfg = Debug|Any CPU
		{C94E1E2E-99D7-44A7-A124-F3330C04DDAC}.Debug|Any CPU.Build.0 = Debug|Any CPU
		{C94E1E2E-99D7-44A7-A124-F3330C04DDAC}.Release|Any CPU.ActiveCfg = Release|Any CPU
		{C94E1E2E-99D7-44A7-A124-F3330C04DDAC}.Release|Any CPU.Build.0 = Release|Any CPU
	EndGlobalSection
	GlobalSection(SolutionProperties) = preSolution
		HideSolutionNode = FALSE
	EndGlobalSection
	GlobalSection(ExtensibilityGlobals) = postSolution
		SolutionGuid = {29F93718-D728-4A77-A3C0-3F107524672F}
	EndGlobalSection
EndGlobal
